
Microsoft Visual Studio Solution File, Format Version 12.00
# Visual Studio Version 16
VisualStudioVersion = 16.0.29613.14
MinimumVisualStudioVersion = 10.0.40219.1
Project("{9A19103F-16F7-4668-BE54-9A1E7A4F7556}") = "Money", "Money\Money.csproj", "{8AAB64E0-3A48-4DE3-A4E8-69A9BCD6F0A3}"
EndProject
Project("{9A19103F-16F7-4668-BE54-9A1E7A4F7556}") = "Money.Data", "Money.Data\Money.Data.csproj", "{074E8DC7-7F85-4257-9E4C-F375CD1B8FC9}"
EndProject
Project("{9A19103F-16F7-4668-BE54-9A1E7A4F7556}") = "Money.Importers", "Money.Importers\Money.Importers.csproj", "{F4290864-A1DA-4F96-BEED-07BA943C5D86}"
EndProject
Project("{00D1A9C2-B5F0-4AF3-8072-F6C62B433612}") = "Money.Sql", "Money.Sql\Money.Sql.sqlproj", "{7C882B79-44C7-4E34-8435-DB85EE3CF16E}"
EndProject
Project("{FAE04EC0-301F-11D3-BF4B-00C04F79EFBC}") = "Money.Web", "Money.Web\Money.Web.csproj", "{8297D1F2-5559-4450-B9F6-0E8C2649A386}"
EndProject
Project("{FAE04EC0-301F-11D3-BF4B-00C04F79EFBC}") = "Money.Core", "Money.Core\Money.Core.csproj", "{AFD58C80-4180-4B64-9DBE-6BF9EC77BB79}"
EndProject
Global
	GlobalSection(SolutionConfigurationPlatforms) = preSolution
		Debug|Any CPU = Debug|Any CPU
		Release|Any CPU = Release|Any CPU
	EndGlobalSection
	GlobalSection(ProjectConfigurationPlatforms) = postSolution
		{8AAB64E0-3A48-4DE3-A4E8-69A9BCD6F0A3}.Debug|Any CPU.ActiveCfg = Debug|Any CPU
		{8AAB64E0-3A48-4DE3-A4E8-69A9BCD6F0A3}.Debug|Any CPU.Build.0 = Debug|Any CPU
		{8AAB64E0-3A48-4DE3-A4E8-69A9BCD6F0A3}.Release|Any CPU.ActiveCfg = Release|Any CPU
		{8AAB64E0-3A48-4DE3-A4E8-69A9BCD6F0A3}.Release|Any CPU.Build.0 = Release|Any CPU
		{074E8DC7-7F85-4257-9E4C-F375CD1B8FC9}.Debug|Any CPU.ActiveCfg = Debug|Any CPU
		{074E8DC7-7F85-4257-9E4C-F375CD1B8FC9}.Debug|Any CPU.Build.0 = Debug|Any CPU
		{074E8DC7-7F85-4257-9E4C-F375CD1B8FC9}.Release|Any CPU.ActiveCfg = Release|Any CPU
		{074E8DC7-7F85-4257-9E4C-F375CD1B8FC9}.Release|Any CPU.Build.0 = Release|Any CPU
		{F4290864-A1DA-4F96-BEED-07BA943C5D86}.Debug|Any CPU.ActiveCfg = Debug|Any CPU
		{F4290864-A1DA-4F96-BEED-07BA943C5D86}.Debug|Any CPU.Build.0 = Debug|Any CPU
		{F4290864-A1DA-4F96-BEED-07BA943C5D86}.Release|Any CPU.ActiveCfg = Release|Any CPU
		{F4290864-A1DA-4F96-BEED-07BA943C5D86}.Release|Any CPU.Build.0 = Release|Any CPU
		{7C882B79-44C7-4E34-8435-DB85EE3CF16E}.Debug|Any CPU.ActiveCfg = Debug|Any CPU
		{7C882B79-44C7-4E34-8435-DB85EE3CF16E}.Debug|Any CPU.Build.0 = Debug|Any CPU
		{7C882B79-44C7-4E34-8435-DB85EE3CF16E}.Debug|Any CPU.Deploy.0 = Debug|Any CPU
		{7C882B79-44C7-4E34-8435-DB85EE3CF16E}.Release|Any CPU.ActiveCfg = Release|Any CPU
		{7C882B79-44C7-4E34-8435-DB85EE3CF16E}.Release|Any CPU.Build.0 = Release|Any CPU
		{7C882B79-44C7-4E34-8435-DB85EE3CF16E}.Release|Any CPU.Deploy.0 = Release|Any CPU
		{8297D1F2-5559-4450-B9F6-0E8C2649A386}.Debug|Any CPU.ActiveCfg = Debug|Any CPU
		{8297D1F2-5559-4450-B9F6-0E8C2649A386}.Debug|Any CPU.Build.0 = Debug|Any CPU
		{8297D1F2-5559-4450-B9F6-0E8C2649A386}.Release|Any CPU.ActiveCfg = Release|Any CPU
		{8297D1F2-5559-4450-B9F6-0E8C2649A386}.Release|Any CPU.Build.0 = Release|Any CPU
		{AFD58C80-4180-4B64-9DBE-6BF9EC77BB79}.Debug|Any CPU.ActiveCfg = Debug|Any CPU
		{AFD58C80-4180-4B64-9DBE-6BF9EC77BB79}.Debug|Any CPU.Build.0 = Debug|Any CPU
		{AFD58C80-4180-4B64-9DBE-6BF9EC77BB79}.Release|Any CPU.ActiveCfg = Release|Any CPU
		{AFD58C80-4180-4B64-9DBE-6BF9EC77BB79}.Release|Any CPU.Build.0 = Release|Any CPU
	EndGlobalSection
	GlobalSection(SolutionProperties) = preSolution
		HideSolutionNode = FALSE
	EndGlobalSection
	GlobalSection(ExtensibilityGlobals) = postSolution
		SolutionGuid = {D7E562B9-1C87-48CF-BEBB-F24A135408D2}
	EndGlobalSection
EndGlobal
